// !$*UTF8*$!
{
	archiveVersion = 1;
	classes = {
	};
	objectVersion = 50;
	objects = {

/* Begin PBXBuildFile section */
		843FBBB821A8533100F7FC10 /* AppDelegate.swift in Sources */ = {isa = PBXBuildFile; fileRef = 843FBBB721A8533100F7FC10 /* AppDelegate.swift */; };
		843FBBBA21A8533100F7FC10 /* ViewController.swift in Sources */ = {isa = PBXBuildFile; fileRef = 843FBBB921A8533100F7FC10 /* ViewController.swift */; };
		843FBBBD21A8533100F7FC10 /* Main.storyboard in Resources */ = {isa = PBXBuildFile; fileRef = 843FBBBB21A8533100F7FC10 /* Main.storyboard */; };
		843FBBC021A8533100F7FC10 /* MyToDo.xcdatamodeld in Sources */ = {isa = PBXBuildFile; fileRef = 843FBBBE21A8533100F7FC10 /* MyToDo.xcdatamodeld */; };
		843FBBC221A8533100F7FC10 /* Assets.xcassets in Resources */ = {isa = PBXBuildFile; fileRef = 843FBBC121A8533100F7FC10 /* Assets.xcassets */; };
		843FBBC521A8533100F7FC10 /* LaunchScreen.storyboard in Resources */ = {isa = PBXBuildFile; fileRef = 843FBBC321A8533100F7FC10 /* LaunchScreen.storyboard */; };
/* End PBXBuildFile section */

/* Begin PBXFileReference section */
		843FBBB421A8533100F7FC10 /* MyToDo.app */ = {isa = PBXFileReference; explicitFileType = wrapper.application; includeInIndex = 0; path = MyToDo.app; sourceTree = BUILT_PRODUCTS_DIR; };
		843FBBB721A8533100F7FC10 /* AppDelegate.swift */ = {isa = PBXFileReference; lastKnownFileType = sourcecode.swift; path = AppDelegate.swift; sourceTree = "<group>"; };
		843FBBB921A8533100F7FC10 /* ViewController.swift */ = {isa = PBXFileReference; lastKnownFileType = sourcecode.swift; path = ViewController.swift; sourceTree = "<group>"; };
		843FBBBC21A8533100F7FC10 /* Base */ = {isa = PBXFileReference; lastKnownFileType = file.storyboard; name = Base; path = Base.lproj/Main.storyboard; sourceTree = "<group>"; };
		843FBBBF21A8533100F7FC10 /* MyToDo.xcdatamodel */ = {isa = PBXFileReference; lastKnownFileType = wrapper.xcdatamodel; path = MyToDo.xcdatamodel; sourceTree = "<group>"; };
		843FBBC121A8533100F7FC10 /* Assets.xcassets */ = {isa = PBXFileReference; lastKnownFileType = folder.assetcatalog; path = Assets.xcassets; sourceTree = "<group>"; };
		843FBBC421A8533100F7FC10 /* Base */ = {isa = PBXFileReference; lastKnownFileType = file.storyboard; name = Base; path = Base.lproj/LaunchScreen.storyboard; sourceTree = "<group>"; };
		843FBBC621A8533100F7FC10 /* Info.plist */ = {isa = PBXFileReference; lastKnownFileType = text.plist.xml; path = Info.plist; sourceTree = "<group>"; };
/* End PBXFileReference section */

/* Begin PBXFrameworksBuildPhase section */
		843FBBB121A8533100F7FC10 /* Frameworks */ = {
			isa = PBXFrameworksBuildPhase;
			buildActionMask = 2147483647;
			files = (
			);
			runOnlyForDeploymentPostprocessing = 0;
		};
/* End PBXFrameworksBuildPhase section */

/* Begin PBXGroup section */
		843FBBAB21A8533100F7FC10 = {
			isa = PBXGroup;
			children = (
				843FBBB621A8533100F7FC10 /* MyToDo */,
				843FBBB521A8533100F7FC10 /* Products */,
			);
			sourceTree = "<group>";
		};
		843FBBB521A8533100F7FC10 /* Products */ = {
			isa = PBXGroup;
			children = (
				843FBBB421A8533100F7FC10 /* MyToDo.app */,
			);
			name = Products;
			sourceTree = "<group>";
		};
		843FBBB621A8533100F7FC10 /* MyToDo */ = {
			isa = PBXGroup;
			children = (
				843FBBB721A8533100F7FC10 /* AppDelegate.swift */,
				843FBBB921A8533100F7FC10 /* ViewController.swift */,
				843FBBBB21A8533100F7FC10 /* Main.storyboard */,
				843FBBC121A8533100F7FC10 /* Assets.xcassets */,
				843FBBC321A8533100F7FC10 /* LaunchScreen.storyboard */,
				843FBBC621A8533100F7FC10 /* Info.plist */,
				843FBBBE21A8533100F7FC10 /* MyToDo.xcdatamodeld */,
			);
			path = MyToDo;
			sourceTree = "<group>";
		};
/* End PBXGroup section */

/* Begin PBXNativeTarget section */
		843FBBB321A8533100F7FC10 /* MyToDo */ = {
			isa = PBXNativeTarget;
			buildConfigurationList = 843FBBC921A8533100F7FC10 /* Build configuration list for PBXNativeTarget "MyToDo" */;
			buildPhases = (
				843FBBB021A8533100F7FC10 /* Sources */,
				843FBBB121A8533100F7FC10 /* Frameworks */,
				843FBBB221A8533100F7FC10 /* Resources */,
			);
			buildRules = (
			);
			dependencies = (
			);
			name = MyToDo;
			productName = MyToDo;
			productReference = 843FBBB421A8533100F7FC10 /* MyToDo.app */;
			productType = "com.apple.product-type.application";
		};
/* End PBXNativeTarget section */

/* Begin PBXProject section */
		843FBBAC21A8533100F7FC10 /* Project object */ = {
			isa = PBXProject;
			attributes = {
				LastSwiftUpdateCheck = 1000;
				LastUpgradeCheck = 1000;
				ORGANIZATIONNAME = "khawla hafsia";
				TargetAttributes = {
					843FBBB321A8533100F7FC10 = {
						CreatedOnToolsVersion = 10.0;
					};
				};
			};
			buildConfigurationList = 843FBBAF21A8533100F7FC10 /* Build configuration list for PBXProject "MyToDo" */;
			compatibilityVersion = "Xcode 9.3";
			developmentRegion = en;
			hasScannedForEncodings = 0;
			knownRegions = (
				en,
				Base,
			);
			mainGroup = 843FBBAB21A8533100F7FC10;
			productRefGroup = 843FBBB521A8533100F7FC10 /* Products */;
			projectDirPath = "";
			projectRoot = "";
			targets = (
				843FBBB321A8533100F7FC10 /* MyToDo */,
			);
		};
/* End PBXProject section */

/* Begin PBXResourcesBuildPhase section */
		843FBBB221A8533100F7FC10 /* Resources */ = {
			isa = PBXResourcesBuildPhase;
			buildActionMask = 2147483647;
			files = (
				843FBBC521A8533100F7FC10 /* LaunchScreen.storyboard in Resources */,
				843FBBC221A8533100F7FC10 /* Assets.xcassets in Resources */,
				843FBBBD21A8533100F7FC10 /* Main.storyboard in Resources */,
			);
			runOnlyForDeploymentPostprocessing = 0;
		};
/* End PBXResourcesBuildPhase section */

/* Begin PBXSourcesBuildPhase section */
		843FBBB021A8533100F7FC10 /* Sources */ = {
			isa = PBXSourcesBuildPhase;
			buildActionMask = 2147483647;
			files = (
				843FBBBA21A8533100F7FC10 /* ViewController.swift in Sources */,
				843FBBB821A8533100F7FC10 /* AppDelegate.swift in Sources */,
				843FBBC021A8533100F7FC10 /* MyToDo.xcdatamodeld in Sources */,
			);
			runOnlyForDeploymentPostprocessing = 0;
		};
/* End PBXSourcesBuildPhase section */

/* Begin PBXVariantGroup section */
		843FBBBB21A8533100F7FC10 /* Main.storyboard */ = {
			isa = PBXVariantGroup;
			children = (
				843FBBBC21A8533100F7FC10 /* Base */,
			);
			name = Main.storyboard;
			sourceTree = "<group>";
		};
		843FBBC321A8533100F7FC10 /* LaunchScreen.storyboard */ = {
			isa = PBXVariantGroup;
			children = (
				843FBBC421A8533100F7FC10 /* Base */,
			);
			name = LaunchScreen.storyboard;
			sourceTree = "<group>";
		};
/* End PBXVariantGroup section */

/* Begin XCBuildConfiguration section */
		843FBBC721A8533100F7FC10 /* Debug */ = {
			isa = XCBuildConfiguration;
			buildSettings = {
				ALWAYS_SEARCH_USER_PATHS = NO;
				CLANG_ANALYZER_NONNULL = YES;
				CLANG_ANALYZER_NUMBER_OBJECT_CONVERSION = YES_AGGRESSIVE;
				CLANG_CXX_LANGUAGE_STANDARD = "gnu++14";
				CLANG_CXX_LIBRARY = "libc++";
				CLANG_ENABLE_MODULES = YES;
				CLANG_ENABLE_OBJC_ARC = YES;
				CLANG_ENABLE_OBJC_WEAK = YES;
				CLANG_WARN_BLOCK_CAPTURE_AUTORELEASING = YES;
				CLANG_WARN_BOOL_CONVERSION = YES;
				CLANG_WARN_COMMA = YES;
				CLANG_WARN_CONSTANT_CONVERSION = YES;
				CLANG_WARN_DEPRECATED_OBJC_IMPLEMENTATIONS = YES;
				CLANG_WARN_DIRECT_OBJC_ISA_USAGE = YES_ERROR;
				CLANG_WARN_DOCUMENTATION_COMMENTS = YES;
				CLANG_WARN_EMPTY_BODY = YES;
				CLANG_WARN_ENUM_CONVERSION = YES;
				CLANG_WARN_INFINITE_RECURSION = YES;
				CLANG_WARN_INT_CONVERSION = YES;
				CLANG_WARN_NON_LITERAL_NULL_CONVERSION = YES;
				CLANG_WARN_OBJC_IMPLICIT_RETAIN_SELF = YES;
				CLANG_WARN_OBJC_LITERAL_CONVERSION = YES;
				CLANG_WARN_OBJC_ROOT_CLASS = YES_ERROR;
				CLANG_WARN_RANGE_LOOP_ANALYSIS = YES;
				CLANG_WARN_STRICT_PROTOTYPES = YES;
				CLANG_WARN_SUSPICIOUS_MOVE = YES;
				CLANG_WARN_UNGUARDED_AVAILABILITY = YES_AGGRESSIVE;
				CLANG_WARN_UNREACHABLE_CODE = YES;
				CLANG_WARN__DUPLICATE_METHOD_MATCH = YES;
				CODE_SIGN_IDENTITY = "iPhone Developer";
				COPY_PHASE_STRIP = NO;
				DEBUG_INFORMATION_FORMAT = dwarf;
				ENABLE_STRICT_OBJC_MSGSEND = YES;
				ENABLE_TESTABILITY = YES;
				GCC_C_LANGUAGE_STANDARD = gnu11;
				GCC_DYNAMIC_NO_PIC = NO;
				GCC_NO_COMMON_BLOCKS = YES;
				GCC_OPTIMIZATION_LEVEL = 0;
				GCC_PREPROCESSOR_DEFINITIONS = (
					"DEBUG=1",
					"$(inherited)",
				);
				GCC_WARN_64_TO_32_BIT_CONVERSION = YES;
				GCC_WARN_ABOUT_RETURN_TYPE = YES_ERROR;
				GCC_WARN_UNDECLARED_SELECTOR = YES;
				GCC_WARN_UNINITIALIZED_AUTOS = YES_AGGRESSIVE;
				GCC_WARN_UNUSED_FUNCTION = YES;
				GCC_WARN_UNUSED_VARIABLE = YES;
				IPHONEOS_DEPLOYMENT_TARGET = 12.0;
				MTL_ENABLE_DEBUG_INFO = INCLUDE_SOURCE;
				MTL_FAST_MATH = YES;
				ONLY_ACTIVE_ARCH = YES;
				SDKROOT = iphoneos;
				SWIFT_ACTIVE_COMPILATION_CONDITIONS = DEBUG;
				SWIFT_OPTIMIZATION_LEVEL = "-Onone";
			};
			name = Debug;
		};
		843FBBC821A8533100F7FC10 /* Release */ = {
			isa = XCBuildConfiguration;
			buildSettings = {
				ALWAYS_SEARCH_USER_PATHS = NO;
				CLANG_ANALYZER_NONNULL = YES;
				CLANG_ANALYZER_NUMBER_OBJECT_CONVERSION = YES_AGGRESSIVE;
				CLANG_CXX_LANGUAGE_STANDARD = "gnu++14";
				CLANG_CXX_LIBRARY = "libc++";
				CLANG_ENABLE_MODULES = YES;
				CLANG_ENABLE_OBJC_ARC = YES;
				CLANG_ENABLE_OBJC_WEAK = YES;
				CLANG_WARN_BLOCK_CAPTURE_AUTORELEASING = YES;
				CLANG_WARN_BOOL_CONVERSION = YES;
				CLANG_WARN_COMMA = YES;
				CLANG_WARN_CONSTANT_CONVERSION = YES;
				CLANG_WARN_DEPRECATED_OBJC_IMPLEMENTATIONS = YES;
				CLANG_WARN_DIRECT_OBJC_ISA_USAGE = YES_ERROR;
				CLANG_WARN_DOCUMENTATION_COMMENTS = YES;
				CLANG_WARN_EMPTY_BODY = YES;
				CLANG_WARN_ENUM_CONVERSION = YES;
				CLANG_WARN_INFINITE_RECURSION = YES;
				CLANG_WARN_INT_CONVERSION = YES;
				CLANG_WARN_NON_LITERAL_NULL_CONVERSION = YES;
				CLANG_WARN_OBJC_IMPLICIT_RETAIN_SELF = YES;
				CLANG_WARN_OBJC_LITERAL_CONVERSION = YES;
				CLANG_WARN_OBJC_ROOT_CLASS = YES_ERROR;
				CLANG_WARN_RANGE_LOOP_ANALYSIS = YES;
				CLANG_WARN_STRICT_PROTOTYPES = YES;
				CLANG_WARN_SUSPICIOUS_MOVE = YES;
				CLANG_WARN_UNGUARDED_AVAILABILITY = YES_AGGRESSIVE;
				CLANG_WARN_UNREACHABLE_CODE = YES;
				CLANG_WARN__DUPLICATE_METHOD_MATCH = YES;
				CODE_SIGN_IDENTITY = "iPhone Developer";
				COPY_PHASE_STRIP = NO;
				DEBUG_INFORMATION_FORMAT = "dwarf-with-dsym";
				ENABLE_NS_ASSERTIONS = NO;
				ENABLE_STRICT_OBJC_MSGSEND = YES;
				GCC_C_LANGUAGE_STANDARD = gnu11;
				GCC_NO_COMMON_BLOCKS = YES;
				GCC_WARN_64_TO_32_BIT_CONVERSION = YES;
				GCC_WARN_ABOUT_RETURN_TYPE = YES_ERROR;
				GCC_WARN_UNDECLARED_SELECTOR = YES;
				GCC_WARN_UNINITIALIZED_AUTOS = YES_AGGRESSIVE;
				GCC_WARN_UNUSED_FUNCTION = YES;
				GCC_WARN_UNUSED_VARIABLE = YES;
				IPHONEOS_DEPLOYMENT_TARGET = 12.0;
				MTL_ENABLE_DEBUG_INFO = NO;
				MTL_FAST_MATH = YES;
				SDKROOT = iphoneos;
				SWIFT_COMPILATION_MODE = wholemodule;
				SWIFT_OPTIMIZATION_LEVEL = "-O";
				VALIDATE_PRODUCT = YES;
			};
			name = Release;
		};
		843FBBCA21A8533100F7FC10 /* Debug */ = {
			isa = XCBuildConfiguration;
			buildSettings = {
				ASSETCATALOG_COMPILER_APPICON_NAME = AppIcon;
				CODE_SIGN_STYLE = Automatic;
				DEVELOPMENT_TEAM = 57CHQPP6S7;
				INFOPLIST_FILE = MyToDo/Info.plist;
				LD_RUNPATH_SEARCH_PATHS = (
					"$(inherited)",
					"@executable_path/Frameworks",
				);
				PRODUCT_BUNDLE_IDENTIFIER = khawla.MyToDo;
				PRODUCT_NAME = "$(TARGET_NAME)";
				SWIFT_VERSION = 4.2;
				TARGETED_DEVICE_FAMILY = "1,2";
			};
			name = Debug;
		};
		843FBBCB21A8533100F7FC10 /* Release */ = {
			isa = XCBuildConfiguration;
			buildSettings = {
				ASSETCATALOG_COMPILER_APPICON_NAME = AppIcon;
				CODE_SIGN_STYLE = Automatic;
				DEVELOPMENT_TEAM = 57CHQPP6S7;
				INFOPLIST_FILE = MyToDo/Info.plist;
				LD_RUNPATH_SEARCH_PATHS = (
					"$(inherited)",
					"@executable_path/Frameworks",
				);
				PRODUCT_BUNDLE_IDENTIFIER = khawla.MyToDo;
				PRODUCT_NAME = "$(TARGET_NAME)";
				SWIFT_VERSION = 4.2;
				TARGETED_DEVICE_FAMILY = "1,2";
			};
			name = Release;
		};
/* End XCBuildConfiguration section */

/* Begin XCConfigurationList section */
		843FBBAF21A8533100F7FC10 /* Build configuration list for PBXProject "MyToDo" */ = {
			isa = XCConfigurationList;
			buildConfigurations = (
				843FBBC721A8533100F7FC10 /* Debug */,
				843FBBC821A8533100F7FC10 /* Release */,
			);
			defaultConfigurationIsVisible = 0;
			defaultConfigurationName = Release;
		};
		843FBBC921A8533100F7FC10 /* Build configuration list for PBXNativeTarget "MyToDo" */ = {
			isa = XCConfigurationList;
			buildConfigurations = (
				843FBBCA21A8533100F7FC10 /* Debug */,
				843FBBCB21A8533100F7FC10 /* Release */,
			);
			defaultConfigurationIsVisible = 0;
			defaultConfigurationName = Release;
		};
/* End XCConfigurationList section */

/* Begin XCVersionGroup section */
		843FBBBE21A8533100F7FC10 /* MyToDo.xcdatamodeld */ = {
			isa = XCVersionGroup;
			children = (
				843FBBBF21A8533100F7FC10 /* MyToDo.xcdatamodel */,
			);
			currentVersion = 843FBBBF21A8533100F7FC10 /* MyToDo.xcdatamodel */;
			path = MyToDo.xcdatamodeld;
			sourceTree = "<group>";
			versionGroupType = wrapper.xcdatamodel;
		};
/* End XCVersionGroup section */
	};
	rootObject = 843FBBAC21A8533100F7FC10 /* Project object */;
}
